
Microsoft Visual Studio Solution File, Format Version 12.00
# Visual Studio Version 16
VisualStudioVersion = 16.0.31702.278
MinimumVisualStudioVersion = 10.0.40219.1
Project("{FAE04EC0-301F-11D3-BF4B-00C04F79EFBC}") = "HOGYE_DENIS", "HOGYE_DENIS.csproj", "{09D02EF0-9C1F-424C-B60E-48FED4263104}"
EndProject
Global
	GlobalSection(SolutionConfigurationPlatforms) = preSolution
		Debug|Any CPU = Debug|Any CPU
		Release|Any CPU = Release|Any CPU
	EndGlobalSection
	GlobalSection(ProjectConfigurationPlatforms) = postSolution
		{09D02EF0-9C1F-424C-B60E-48FED4263104}.Debug|Any CPU.ActiveCfg = Debug|Any CPU
		{09D02EF0-9C1F-424C-B60E-48FED4263104}.Debug|Any CPU.Build.0 = Debug|Any CPU
		{09D02EF0-9C1F-424C-B60E-48FED4263104}.Release|Any CPU.ActiveCfg = Release|Any CPU
		{09D02EF0-9C1F-424C-B60E-48FED4263104}.Release|Any CPU.Build.0 = Release|Any CPU
	EndGlobalSection
	GlobalSection(SolutionProperties) = preSolution
		HideSolutionNode = FALSE
	EndGlobalSection
	GlobalSection(ExtensibilityGlobals) = postSolution
		SolutionGuid = {F1FEAB52-6E7C-41C9-A0E6-5BB739015FB4}
	EndGlobalSection
EndGlobal
